
Microsoft Visual Studio Solution File, Format Version 12.00
# Visual Studio Version 17
VisualStudioVersion = 17.1.32228.430
MinimumVisualStudioVersion = 10.0.40219.1
Project("{FAE04EC0-301F-11D3-BF4B-00C04F79EFBC}") = "ProyectoAgenda.Consola", "ProyectoAgenda.Consola\ProyectoAgenda.Consola.csproj", "{573DE5E6-FC7F-4AEA-A509-8F1F4FD3C919}"
EndProject
Project("{FAE04EC0-301F-11D3-BF4B-00C04F79EFBC}") = "ProyectoAgenda.Dominio", "ProyectoAgenda.Dominio\ProyectoAgenda.Dominio.csproj", "{2A655435-51C0-43ED-9EA8-FF696EEE792D}"
EndProject
Global
	GlobalSection(SolutionConfigurationPlatforms) = preSolution
		Debug|Any CPU = Debug|Any CPU
		Release|Any CPU = Release|Any CPU
	EndGlobalSection
	GlobalSection(ProjectConfigurationPlatforms) = postSolution
		{573DE5E6-FC7F-4AEA-A509-8F1F4FD3C919}.Debug|Any CPU.ActiveCfg = Debug|Any CPU
		{573DE5E6-FC7F-4AEA-A509-8F1F4FD3C919}.Debug|Any CPU.Build.0 = Debug|Any CPU
		{573DE5E6-FC7F-4AEA-A509-8F1F4FD3C919}.Release|Any CPU.ActiveCfg = Release|Any CPU
		{573DE5E6-FC7F-4AEA-A509-8F1F4FD3C919}.Release|Any CPU.Build.0 = Release|Any CPU
		{2A655435-51C0-43ED-9EA8-FF696EEE792D}.Debug|Any CPU.ActiveCfg = Debug|Any CPU
		{2A655435-51C0-43ED-9EA8-FF696EEE792D}.Debug|Any CPU.Build.0 = Debug|Any CPU
		{2A655435-51C0-43ED-9EA8-FF696EEE792D}.Release|Any CPU.ActiveCfg = Release|Any CPU
		{2A655435-51C0-43ED-9EA8-FF696EEE792D}.Release|Any CPU.Build.0 = Release|Any CPU
	EndGlobalSection
	GlobalSection(SolutionProperties) = preSolution
		HideSolutionNode = FALSE
	EndGlobalSection
	GlobalSection(ExtensibilityGlobals) = postSolution
		SolutionGuid = {1F25079A-1830-43D5-93C7-5085B871D020}
	EndGlobalSection
EndGlobal
